// !$*UTF8*$!
{
	archiveVersion = 1;
	classes = {
	};
	objectVersion = 55;
	objects = {

/* Begin PBXBuildFile section */
		0D28BC9528956EDD00E73855 /* SwiftyLib.framework in Frameworks */ = {isa = PBXBuildFile; fileRef = 0D28BC8C28956EDC00E73855 /* SwiftyLib.framework */; };
		0D28BC9A28956EDD00E73855 /* SwiftyLibTests.swift in Sources */ = {isa = PBXBuildFile; fileRef = 0D28BC9928956EDD00E73855 /* SwiftyLibTests.swift */; };
		0D28BC9B28956EDD00E73855 /* SwiftyLib.h in Headers */ = {isa = PBXBuildFile; fileRef = 0D28BC8F28956EDC00E73855 /* SwiftyLib.h */; settings = {ATTRIBUTES = (Public, ); }; };
		0D28BCCD289578C000E73855 /* SwiftyLib.swift in Sources */ = {isa = PBXBuildFile; fileRef = 0D28BCCC289578C000E73855 /* SwiftyLib.swift */; };
/* End PBXBuildFile section */

/* Begin PBXContainerItemProxy section */
		0D28BC9628956EDD00E73855 /* PBXContainerItemProxy */ = {
			isa = PBXContainerItemProxy;
			containerPortal = 0D28BC8328956EDC00E73855 /* Project object */;
			proxyType = 1;
			remoteGlobalIDString = 0D28BC8B28956EDC00E73855;
			remoteInfo = SwiftyLib;
		};
		0D28BCC828956F6D00E73855 /* PBXContainerItemProxy */ = {
			isa = PBXContainerItemProxy;
			containerPortal = 0D28BCC428956F6C00E73855 /* SwiftyLibExamples.xcodeproj */;
			proxyType = 2;
			remoteGlobalIDString = 0D28BCAD28956F6800E73855;
			remoteInfo = SwiftyLibExamples;
		};
/* End PBXContainerItemProxy section */

/* Begin PBXFileReference section */
		0D28BC8C28956EDC00E73855 /* SwiftyLib.framework */ = {isa = PBXFileReference; explicitFileType = wrapper.framework; includeInIndex = 0; path = SwiftyLib.framework; sourceTree = BUILT_PRODUCTS_DIR; };
		0D28BC8F28956EDC00E73855 /* SwiftyLib.h */ = {isa = PBXFileReference; lastKnownFileType = sourcecode.c.h; path = SwiftyLib.h; sourceTree = "<group>"; };
		0D28BC9428956EDD00E73855 /* SwiftyLibTests.xctest */ = {isa = PBXFileReference; explicitFileType = wrapper.cfbundle; includeInIndex = 0; path = SwiftyLibTests.xctest; sourceTree = BUILT_PRODUCTS_DIR; };
		0D28BC9928956EDD00E73855 /* SwiftyLibTests.swift */ = {isa = PBXFileReference; lastKnownFileType = sourcecode.swift; path = SwiftyLibTests.swift; sourceTree = "<group>"; };
		0D28BCC428956F6C00E73855 /* SwiftyLibExamples.xcodeproj */ = {isa = PBXFileReference; lastKnownFileType = "wrapper.pb-project"; name = SwiftyLibExamples.xcodeproj; path = SwiftyLibExamples/SwiftyLibExamples.xcodeproj; sourceTree = "<group>"; };
		0D28BCCC289578C000E73855 /* SwiftyLib.swift */ = {isa = PBXFileReference; fileEncoding = 4; lastKnownFileType = sourcecode.swift; path = SwiftyLib.swift; sourceTree = "<group>"; };
/* End PBXFileReference section */

/* Begin PBXFrameworksBuildPhase section */
		0D28BC8928956EDC00E73855 /* Frameworks */ = {
			isa = PBXFrameworksBuildPhase;
			buildActionMask = 2147483647;
			files = (
			);
			runOnlyForDeploymentPostprocessing = 0;
		};
		0D28BC9128956EDD00E73855 /* Frameworks */ = {
			isa = PBXFrameworksBuildPhase;
			buildActionMask = 2147483647;
			files = (
				0D28BC9528956EDD00E73855 /* SwiftyLib.framework in Frameworks */,
			);
			runOnlyForDeploymentPostprocessing = 0;
		};
/* End PBXFrameworksBuildPhase section */

/* Begin PBXGroup section */
		0D28BC8228956EDC00E73855 = {
			isa = PBXGroup;
			children = (
				0D28BCC428956F6C00E73855 /* SwiftyLibExamples.xcodeproj */,
				0D28BC8E28956EDC00E73855 /* SwiftyLib */,
				0D28BC9828956EDD00E73855 /* SwiftyLibTests */,
				0D28BC8D28956EDC00E73855 /* Products */,
			);
			sourceTree = "<group>";
		};
		0D28BC8D28956EDC00E73855 /* Products */ = {
			isa = PBXGroup;
			children = (
				0D28BC8C28956EDC00E73855 /* SwiftyLib.framework */,
				0D28BC9428956EDD00E73855 /* SwiftyLibTests.xctest */,
			);
			name = Products;
			sourceTree = "<group>";
		};
		0D28BC8E28956EDC00E73855 /* SwiftyLib */ = {
			isa = PBXGroup;
			children = (
				0D28BCCC289578C000E73855 /* SwiftyLib.swift */,
				0D28BC8F28956EDC00E73855 /* SwiftyLib.h */,
			);
			path = SwiftyLib;
			sourceTree = "<group>";
		};
		0D28BC9828956EDD00E73855 /* SwiftyLibTests */ = {
			isa = PBXGroup;
			children = (
				0D28BC9928956EDD00E73855 /* SwiftyLibTests.swift */,
			);
			path = SwiftyLibTests;
			sourceTree = "<group>";
		};
		0D28BCC528956F6C00E73855 /* Products */ = {
			isa = PBXGroup;
			children = (
				0D28BCC928956F6D00E73855 /* SwiftyLibExamples.app */,
			);
			name = Products;
			sourceTree = "<group>";
		};
/* End PBXGroup section */

/* Begin PBXHeadersBuildPhase section */
		0D28BC8728956EDC00E73855 /* Headers */ = {
			isa = PBXHeadersBuildPhase;
			buildActionMask = 2147483647;
			files = (
				0D28BC9B28956EDD00E73855 /* SwiftyLib.h in Headers */,
			);
			runOnlyForDeploymentPostprocessing = 0;
		};
/* End PBXHeadersBuildPhase section */

/* Begin PBXNativeTarget section */
		0D28BC8B28956EDC00E73855 /* SwiftyLib */ = {
			isa = PBXNativeTarget;
			buildConfigurationList = 0D28BC9E28956EDD00E73855 /* Build configuration list for PBXNativeTarget "SwiftyLib" */;
			buildPhases = (
				0D28BC8728956EDC00E73855 /* Headers */,
				0D28BC8828956EDC00E73855 /* Sources */,
				0D28BC8928956EDC00E73855 /* Frameworks */,
				0D28BC8A28956EDC00E73855 /* Resources */,
			);
			buildRules = (
			);
			dependencies = (
			);
			name = SwiftyLib;
			productName = SwiftyLib;
			productReference = 0D28BC8C28956EDC00E73855 /* SwiftyLib.framework */;
			productType = "com.apple.product-type.framework";
		};
		0D28BC9328956EDD00E73855 /* SwiftyLibTests */ = {
			isa = PBXNativeTarget;
			buildConfigurationList = 0D28BCA128956EDD00E73855 /* Build configuration list for PBXNativeTarget "SwiftyLibTests" */;
			buildPhases = (
				0D28BC9028956EDD00E73855 /* Sources */,
				0D28BC9128956EDD00E73855 /* Frameworks */,
				0D28BC9228956EDD00E73855 /* Resources */,
			);
			buildRules = (
			);
			dependencies = (
				0D28BC9728956EDD00E73855 /* PBXTargetDependency */,
			);
			name = SwiftyLibTests;
			productName = SwiftyLibTests;
			productReference = 0D28BC9428956EDD00E73855 /* SwiftyLibTests.xctest */;
			productType = "com.apple.product-type.bundle.unit-test";
		};
/* End PBXNativeTarget section */

/* Begin PBXProject section */
		0D28BC8328956EDC00E73855 /* Project object */ = {
			isa = PBXProject;
			attributes = {
				BuildIndependentTargetsInParallel = 1;
				LastSwiftUpdateCheck = 1340;
				LastUpgradeCheck = 1340;
				TargetAttributes = {
					0D28BC8B28956EDC00E73855 = {
						CreatedOnToolsVersion = 13.4.1;
						LastSwiftMigration = 1340;
					};
					0D28BC9328956EDD00E73855 = {
						CreatedOnToolsVersion = 13.4.1;
					};
				};
			};
			buildConfigurationList = 0D28BC8628956EDC00E73855 /* Build configuration list for PBXProject "SwiftyLib" */;
			compatibilityVersion = "Xcode 13.0";
			developmentRegion = en;
			hasScannedForEncodings = 0;
			knownRegions = (
				en,
				Base,
			);
			mainGroup = 0D28BC8228956EDC00E73855;
			productRefGroup = 0D28BC8D28956EDC00E73855 /* Products */;
			projectDirPath = "";
			projectReferences = (
				{
					ProductGroup = 0D28BCC528956F6C00E73855 /* Products */;
					ProjectRef = 0D28BCC428956F6C00E73855 /* SwiftyLibExamples.xcodeproj */;
				},
			);
			projectRoot = "";
			targets = (
				0D28BC8B28956EDC00E73855 /* SwiftyLib */,
				0D28BC9328956EDD00E73855 /* SwiftyLibTests */,
			);
		};
/* End PBXProject section */

/* Begin PBXReferenceProxy section */
		0D28BCC928956F6D00E73855 /* SwiftyLibExamples.app */ = {
			isa = PBXReferenceProxy;
			fileType = wrapper.application;
			path = SwiftyLibExamples.app;
			remoteRef = 0D28BCC828956F6D00E73855 /* PBXContainerItemProxy */;
			sourceTree = BUILT_PRODUCTS_DIR;
		};
/* End PBXReferenceProxy section */

/* Begin PBXResourcesBuildPhase section */
		0D28BC8A28956EDC00E73855 /* Resources */ = {
			isa = PBXResourcesBuildPhase;
			buildActionMask = 2147483647;
			files = (
			);
			runOnlyForDeploymentPostprocessing = 0;
		};
		0D28BC9228956EDD00E73855 /* Resources */ = {
			isa = PBXResourcesBuildPhase;
			buildActionMask = 2147483647;
			files = (
			);
			runOnlyForDeploymentPostprocessing = 0;
		};
/* End PBXResourcesBuildPhase section */

/* Begin PBXSourcesBuildPhase section */
		0D28BC8828956EDC00E73855 /* Sources */ = {
			isa = PBXSourcesBuildPhase;
			buildActionMask = 2147483647;
			files = (
				0D28BCCD289578C000E73855 /* SwiftyLib.swift in Sources */,
			);
			runOnlyForDeploymentPostprocessing = 0;
		};
		0D28BC9028956EDD00E73855 /* Sources */ = {
			isa = PBXSourcesBuildPhase;
			buildActionMask = 2147483647;
			files = (
				0D28BC9A28956EDD00E73855 /* SwiftyLibTests.swift in Sources */,
			);
			runOnlyForDeploymentPostprocessing = 0;
		};
/* End PBXSourcesBuildPhase section */

/* Begin PBXTargetDependency section */
		0D28BC9728956EDD00E73855 /* PBXTargetDependency */ = {
			isa = PBXTargetDependency;
			target = 0D28BC8B28956EDC00E73855 /* SwiftyLib */;
			targetProxy = 0D28BC9628956EDD00E73855 /* PBXContainerItemProxy */;
		};
/* End PBXTargetDependency section */

/* Begin XCBuildConfiguration section */
		0D28BC9C28956EDD00E73855 /* Debug */ = {
			isa = XCBuildConfiguration;
			buildSettings = {
				ALWAYS_SEARCH_USER_PATHS = NO;
				CLANG_ANALYZER_NONNULL = YES;
				CLANG_ANALYZER_NUMBER_OBJECT_CONVERSION = YES_AGGRESSIVE;
				CLANG_CXX_LANGUAGE_STANDARD = "gnu++17";
				CLANG_ENABLE_MODULES = YES;
				CLANG_ENABLE_OBJC_ARC = YES;
				CLANG_ENABLE_OBJC_WEAK = YES;
				CLANG_WARN_BLOCK_CAPTURE_AUTORELEASING = YES;
				CLANG_WARN_BOOL_CONVERSION = YES;
				CLANG_WARN_COMMA = YES;
				CLANG_WARN_CONSTANT_CONVERSION = YES;
				CLANG_WARN_DEPRECATED_OBJC_IMPLEMENTATIONS = YES;
				CLANG_WARN_DIRECT_OBJC_ISA_USAGE = YES_ERROR;
				CLANG_WARN_DOCUMENTATION_COMMENTS = YES;
				CLANG_WARN_EMPTY_BODY = YES;
				CLANG_WARN_ENUM_CONVERSION = YES;
				CLANG_WARN_INFINITE_RECURSION = YES;
				CLANG_WARN_INT_CONVERSION = YES;
				CLANG_WARN_NON_LITERAL_NULL_CONVERSION = YES;
				CLANG_WARN_OBJC_IMPLICIT_RETAIN_SELF = YES;
				CLANG_WARN_OBJC_LITERAL_CONVERSION = YES;
				CLANG_WARN_OBJC_ROOT_CLASS = YES_ERROR;
				CLANG_WARN_QUOTED_INCLUDE_IN_FRAMEWORK_HEADER = YES;
				CLANG_WARN_RANGE_LOOP_ANALYSIS = YES;
				CLANG_WARN_STRICT_PROTOTYPES = YES;
				CLANG_WARN_SUSPICIOUS_MOVE = YES;
				CLANG_WARN_UNGUARDED_AVAILABILITY = YES_AGGRESSIVE;
				CLANG_WARN_UNREACHABLE_CODE = YES;
				CLANG_WARN__DUPLICATE_METHOD_MATCH = YES;
				COPY_PHASE_STRIP = NO;
				CURRENT_PROJECT_VERSION = 1;
				DEBUG_INFORMATION_FORMAT = dwarf;
				ENABLE_STRICT_OBJC_MSGSEND = YES;
				ENABLE_TESTABILITY = YES;
				GCC_C_LANGUAGE_STANDARD = gnu11;
				GCC_DYNAMIC_NO_PIC = NO;
				GCC_NO_COMMON_BLOCKS = YES;
				GCC_OPTIMIZATION_LEVEL = 0;
				GCC_PREPROCESSOR_DEFINITIONS = (
					"DEBUG=1",
					"$(inherited)",
				);
				GCC_WARN_64_TO_32_BIT_CONVERSION = YES;
				GCC_WARN_ABOUT_RETURN_TYPE = YES_ERROR;
				GCC_WARN_UNDECLARED_SELECTOR = YES;
				GCC_WARN_UNINITIALIZED_AUTOS = YES_AGGRESSIVE;
				GCC_WARN_UNUSED_FUNCTION = YES;
				GCC_WARN_UNUSED_VARIABLE = YES;
				IPHONEOS_DEPLOYMENT_TARGET = 12.1;
				MTL_ENABLE_DEBUG_INFO = INCLUDE_SOURCE;
				MTL_FAST_MATH = YES;
				ONLY_ACTIVE_ARCH = YES;
				SDKROOT = iphoneos;
				SWIFT_ACTIVE_COMPILATION_CONDITIONS = DEBUG;
				SWIFT_OPTIMIZATION_LEVEL = "-Onone";
				VERSIONING_SYSTEM = "apple-generic";
				VERSION_INFO_PREFIX = "";
			};
			name = Debug;
		};
		0D28BC9D28956EDD00E73855 /* Release */ = {
			isa = XCBuildConfiguration;
			buildSettings = {
				ALWAYS_SEARCH_USER_PATHS = NO;
				CLANG_ANALYZER_NONNULL = YES;
				CLANG_ANALYZER_NUMBER_OBJECT_CONVERSION = YES_AGGRESSIVE;
				CLANG_CXX_LANGUAGE_STANDARD = "gnu++17";
				CLANG_ENABLE_MODULES = YES;
				CLANG_ENABLE_OBJC_ARC = YES;
				CLANG_ENABLE_OBJC_WEAK = YES;
				CLANG_WARN_BLOCK_CAPTURE_AUTORELEASING = YES;
				CLANG_WARN_BOOL_CONVERSION = YES;
				CLANG_WARN_COMMA = YES;
				CLANG_WARN_CONSTANT_CONVERSION = YES;
				CLANG_WARN_DEPRECATED_OBJC_IMPLEMENTATIONS = YES;
				CLANG_WARN_DIRECT_OBJC_ISA_USAGE = YES_ERROR;
				CLANG_WARN_DOCUMENTATION_COMMENTS = YES;
				CLANG_WARN_EMPTY_BODY = YES;
				CLANG_WARN_ENUM_CONVERSION = YES;
				CLANG_WARN_INFINITE_RECURSION = YES;
				CLANG_WARN_INT_CONVERSION = YES;
				CLANG_WARN_NON_LITERAL_NULL_CONVERSION = YES;
				CLANG_WARN_OBJC_IMPLICIT_RETAIN_SELF = YES;
				CLANG_WARN_OBJC_LITERAL_CONVERSION = YES;
				CLANG_WARN_OBJC_ROOT_CLASS = YES_ERROR;
				CLANG_WARN_QUOTED_INCLUDE_IN_FRAMEWORK_HEADER = YES;
				CLANG_WARN_RANGE_LOOP_ANALYSIS = YES;
				CLANG_WARN_STRICT_PROTOTYPES = YES;
				CLANG_WARN_SUSPICIOUS_MOVE = YES;
				CLANG_WARN_UNGUARDED_AVAILABILITY = YES_AGGRESSIVE;
				CLANG_WARN_UNREACHABLE_CODE = YES;
				CLANG_WARN__DUPLICATE_METHOD_MATCH = YES;
				COPY_PHASE_STRIP = NO;
				CURRENT_PROJECT_VERSION = 1;
				DEBUG_INFORMATION_FORMAT = "dwarf-with-dsym";
				ENABLE_NS_ASSERTIONS = NO;
				ENABLE_STRICT_OBJC_MSGSEND = YES;
				GCC_C_LANGUAGE_STANDARD = gnu11;
				GCC_NO_COMMON_BLOCKS = YES;
				GCC_WARN_64_TO_32_BIT_CONVERSION = YES;
				GCC_WARN_ABOUT_RETURN_TYPE = YES_ERROR;
				GCC_WARN_UNDECLARED_SELECTOR = YES;
				GCC_WARN_UNINITIALIZED_AUTOS = YES_AGGRESSIVE;
				GCC_WARN_UNUSED_FUNCTION = YES;
				GCC_WARN_UNUSED_VARIABLE = YES;
				IPHONEOS_DEPLOYMENT_TARGET = 12.1;
				MTL_ENABLE_DEBUG_INFO = NO;
				MTL_FAST_MATH = YES;
				SDKROOT = iphoneos;
				SWIFT_COMPILATION_MODE = wholemodule;
				SWIFT_OPTIMIZATION_LEVEL = "-O";
				VALIDATE_PRODUCT = YES;
				VERSIONING_SYSTEM = "apple-generic";
				VERSION_INFO_PREFIX = "";
			};
			name = Release;
		};
		0D28BC9F28956EDD00E73855 /* Debug */ = {
			isa = XCBuildConfiguration;
			buildSettings = {
				CLANG_ENABLE_MODULES = YES;
				CODE_SIGN_STYLE = Automatic;
				CURRENT_PROJECT_VERSION = 1;
				DEFINES_MODULE = YES;
				DEVELOPMENT_TEAM = 435T76C348;
				DYLIB_COMPATIBILITY_VERSION = 1;
				DYLIB_CURRENT_VERSION = 1;
				DYLIB_INSTALL_NAME_BASE = "@rpath";
				GENERATE_INFOPLIST_FILE = YES;
				INFOPLIST_KEY_NSHumanReadableCopyright = "";
				INSTALL_PATH = "$(LOCAL_LIBRARY_DIR)/Frameworks";
				LD_RUNPATH_SEARCH_PATHS = (
					"$(inherited)",
					"@executable_path/Frameworks",
					"@loader_path/Frameworks",
				);
				MARKETING_VERSION = 1.0;
				PRODUCT_BUNDLE_IDENTIFIER = com.zeta.apolloCipherDemo.SwiftyLib;
				PRODUCT_NAME = "$(TARGET_NAME:c99extidentifier)";
				SKIP_INSTALL = YES;
				SWIFT_EMIT_LOC_STRINGS = YES;
				SWIFT_OPTIMIZATION_LEVEL = "-Onone";
				SWIFT_VERSION = 5.0;
				TARGETED_DEVICE_FAMILY = "1,2";
			};
			name = Debug;
		};
		0D28BCA028956EDD00E73855 /* Release */ = {
			isa = XCBuildConfiguration;
			buildSettings = {
				CLANG_ENABLE_MODULES = YES;
				CODE_SIGN_STYLE = Automatic;
				CURRENT_PROJECT_VERSION = 1;
				DEFINES_MODULE = YES;
				DEVELOPMENT_TEAM = 435T76C348;
				DYLIB_COMPATIBILITY_VERSION = 1;
				DYLIB_CURRENT_VERSION = 1;
				DYLIB_INSTALL_NAME_BASE = "@rpath";
				GENERATE_INFOPLIST_FILE = YES;
				INFOPLIST_KEY_NSHumanReadableCopyright = "";
				INSTALL_PATH = "$(LOCAL_LIBRARY_DIR)/Frameworks";
				LD_RUNPATH_SEARCH_PATHS = (
					"$(inherited)",
					"@executable_path/Frameworks",
					"@loader_path/Frameworks",
				);
				MARKETING_VERSION = 1.0;
				PRODUCT_BUNDLE_IDENTIFIER = com.zeta.apolloCipherDemo.SwiftyLib;
				PRODUCT_NAME = "$(TARGET_NAME:c99extidentifier)";
				SKIP_INSTALL = YES;
				SWIFT_EMIT_LOC_STRINGS = YES;
				SWIFT_VERSION = 5.0;
				TARGETED_DEVICE_FAMILY = "1,2";
			};
			name = Release;
		};
		0D28BCA228956EDD00E73855 /* Debug */ = {
			isa = XCBuildConfiguration;
			buildSettings = {
				ALWAYS_EMBED_SWIFT_STANDARD_LIBRARIES = YES;
				CODE_SIGN_STYLE = Automatic;
				CURRENT_PROJECT_VERSION = 1;
				DEVELOPMENT_TEAM = 435T76C348;
				GENERATE_INFOPLIST_FILE = YES;
				MARKETING_VERSION = 1.0;
				PRODUCT_BUNDLE_IDENTIFIER = com.zeta.apolloCipherDemo.SwiftyLibTests;
				PRODUCT_NAME = "$(TARGET_NAME)";
				SWIFT_EMIT_LOC_STRINGS = NO;
				SWIFT_VERSION = 5.0;
				TARGETED_DEVICE_FAMILY = "1,2";
			};
			name = Debug;
		};
		0D28BCA328956EDD00E73855 /* Release */ = {
			isa = XCBuildConfiguration;
			buildSettings = {
				ALWAYS_EMBED_SWIFT_STANDARD_LIBRARIES = YES;
				CODE_SIGN_STYLE = Automatic;
				CURRENT_PROJECT_VERSION = 1;
				DEVELOPMENT_TEAM = 435T76C348;
				GENERATE_INFOPLIST_FILE = YES;
				MARKETING_VERSION = 1.0;
				PRODUCT_BUNDLE_IDENTIFIER = com.zeta.apolloCipherDemo.SwiftyLibTests;
				PRODUCT_NAME = "$(TARGET_NAME)";
				SWIFT_EMIT_LOC_STRINGS = NO;
				SWIFT_VERSION = 5.0;
				TARGETED_DEVICE_FAMILY = "1,2";
			};
			name = Release;
		};
/* End XCBuildConfiguration section */

/* Begin XCConfigurationList section */
		0D28BC8628956EDC00E73855 /* Build configuration list for PBXProject "SwiftyLib" */ = {
			isa = XCConfigurationList;
			buildConfigurations = (
				0D28BC9C28956EDD00E73855 /* Debug */,
				0D28BC9D28956EDD00E73855 /* Release */,
			);
			defaultConfigurationIsVisible = 0;
			defaultConfigurationName = Release;
		};
		0D28BC9E28956EDD00E73855 /* Build configuration list for PBXNativeTarget "SwiftyLib" */ = {
			isa = XCConfigurationList;
			buildConfigurations = (
				0D28BC9F28956EDD00E73855 /* Debug */,
				0D28BCA028956EDD00E73855 /* Release */,
			);
			defaultConfigurationIsVisible = 0;
			defaultConfigurationName = Release;
		};
		0D28BCA128956EDD00E73855 /* Build configuration list for PBXNativeTarget "SwiftyLibTests" */ = {
			isa = XCConfigurationList;
			buildConfigurations = (
				0D28BCA228956EDD00E73855 /* Debug */,
				0D28BCA328956EDD00E73855 /* Release */,
			);
			defaultConfigurationIsVisible = 0;
			defaultConfigurationName = Release;
		};
/* End XCConfigurationList section */
	};
	rootObject = 0D28BC8328956EDC00E73855 /* Project object */;
}
